
Microsoft Visual Studio Solution File, Format Version 12.00
# Visual Studio Version 17
VisualStudioVersion = 17.0.31903.59
MinimumVisualStudioVersion = 10.0.40219.1
Project("{FAE04EC0-301F-11D3-BF4B-00C04F79EFBC}") = "SimpleCollabService", "src\SimpleCollabService\SimpleCollabService.csproj", "{2D09ED5E-0757-4035-B30D-51CEBF93C4E8}"
EndProject
Project("{2150E333-8FDC-42A3-9474-1A3956D46DE8}") = "src", "src", "{827E0CD3-B72D-47B6-A68D-7590B98EB39B}"
EndProject
Project("{FAE04EC0-301F-11D3-BF4B-00C04F79EFBC}") = "SimpleCollab.CodeAnalysis", "src\SimpleCollab.CodeAnalysis\SimpleCollab.CodeAnalysis.csproj", "{F8C633A3-99BA-40DA-B950-78218CCEBFFD}"
EndProject
Project("{FAE04EC0-301F-11D3-BF4B-00C04F79EFBC}") = "Chaos.NaCl", "src\Chaos.NaCl\Chaos.NaCl.csproj", "{AE28FD14-7985-4707-A963-C94B8597AE50}"
EndProject
Global
	GlobalSection(SolutionConfigurationPlatforms) = preSolution
		Debug|Any CPU = Debug|Any CPU
		Debug|x64 = Debug|x64
		Debug|x86 = Debug|x86
		Release|Any CPU = Release|Any CPU
		Release|x64 = Release|x64
		Release|x86 = Release|x86
	EndGlobalSection
	GlobalSection(ProjectConfigurationPlatforms) = postSolution
		{2D09ED5E-0757-4035-B30D-51CEBF93C4E8}.Debug|Any CPU.ActiveCfg = Debug|Any CPU
		{2D09ED5E-0757-4035-B30D-51CEBF93C4E8}.Debug|Any CPU.Build.0 = Debug|Any CPU
		{2D09ED5E-0757-4035-B30D-51CEBF93C4E8}.Debug|x64.ActiveCfg = Debug|Any CPU
		{2D09ED5E-0757-4035-B30D-51CEBF93C4E8}.Debug|x64.Build.0 = Debug|Any CPU
		{2D09ED5E-0757-4035-B30D-51CEBF93C4E8}.Debug|x86.ActiveCfg = Debug|Any CPU
		{2D09ED5E-0757-4035-B30D-51CEBF93C4E8}.Debug|x86.Build.0 = Debug|Any CPU
		{2D09ED5E-0757-4035-B30D-51CEBF93C4E8}.Release|Any CPU.ActiveCfg = Release|Any CPU
		{2D09ED5E-0757-4035-B30D-51CEBF93C4E8}.Release|Any CPU.Build.0 = Release|Any CPU
		{2D09ED5E-0757-4035-B30D-51CEBF93C4E8}.Release|x64.ActiveCfg = Release|Any CPU
		{2D09ED5E-0757-4035-B30D-51CEBF93C4E8}.Release|x64.Build.0 = Release|Any CPU
		{2D09ED5E-0757-4035-B30D-51CEBF93C4E8}.Release|x86.ActiveCfg = Release|Any CPU
		{2D09ED5E-0757-4035-B30D-51CEBF93C4E8}.Release|x86.Build.0 = Release|Any CPU
		{F8C633A3-99BA-40DA-B950-78218CCEBFFD}.Debug|Any CPU.ActiveCfg = Debug|Any CPU
		{F8C633A3-99BA-40DA-B950-78218CCEBFFD}.Debug|Any CPU.Build.0 = Debug|Any CPU
		{F8C633A3-99BA-40DA-B950-78218CCEBFFD}.Debug|x64.ActiveCfg = Debug|Any CPU
		{F8C633A3-99BA-40DA-B950-78218CCEBFFD}.Debug|x64.Build.0 = Debug|Any CPU
		{F8C633A3-99BA-40DA-B950-78218CCEBFFD}.Debug|x86.ActiveCfg = Debug|Any CPU
		{F8C633A3-99BA-40DA-B950-78218CCEBFFD}.Debug|x86.Build.0 = Debug|Any CPU
		{F8C633A3-99BA-40DA-B950-78218CCEBFFD}.Release|Any CPU.ActiveCfg = Release|Any CPU
		{F8C633A3-99BA-40DA-B950-78218CCEBFFD}.Release|Any CPU.Build.0 = Release|Any CPU
		{F8C633A3-99BA-40DA-B950-78218CCEBFFD}.Release|x64.ActiveCfg = Release|Any CPU
		{F8C633A3-99BA-40DA-B950-78218CCEBFFD}.Release|x64.Build.0 = Release|Any CPU
		{F8C633A3-99BA-40DA-B950-78218CCEBFFD}.Release|x86.ActiveCfg = Release|Any CPU
		{F8C633A3-99BA-40DA-B950-78218CCEBFFD}.Release|x86.Build.0 = Release|Any CPU
		{AE28FD14-7985-4707-A963-C94B8597AE50}.Debug|Any CPU.ActiveCfg = Debug|Any CPU
		{AE28FD14-7985-4707-A963-C94B8597AE50}.Debug|Any CPU.Build.0 = Debug|Any CPU
		{AE28FD14-7985-4707-A963-C94B8597AE50}.Debug|x64.ActiveCfg = Debug|Any CPU
		{AE28FD14-7985-4707-A963-C94B8597AE50}.Debug|x64.Build.0 = Debug|Any CPU
		{AE28FD14-7985-4707-A963-C94B8597AE50}.Debug|x86.ActiveCfg = Debug|Any CPU
		{AE28FD14-7985-4707-A963-C94B8597AE50}.Debug|x86.Build.0 = Debug|Any CPU
		{AE28FD14-7985-4707-A963-C94B8597AE50}.Release|Any CPU.ActiveCfg = Release|Any CPU
		{AE28FD14-7985-4707-A963-C94B8597AE50}.Release|Any CPU.Build.0 = Release|Any CPU
		{AE28FD14-7985-4707-A963-C94B8597AE50}.Release|x64.ActiveCfg = Release|Any CPU
		{AE28FD14-7985-4707-A963-C94B8597AE50}.Release|x64.Build.0 = Release|Any CPU
		{AE28FD14-7985-4707-A963-C94B8597AE50}.Release|x86.ActiveCfg = Release|Any CPU
		{AE28FD14-7985-4707-A963-C94B8597AE50}.Release|x86.Build.0 = Release|Any CPU
	EndGlobalSection
	GlobalSection(SolutionProperties) = preSolution
		HideSolutionNode = FALSE
	EndGlobalSection
	GlobalSection(NestedProjects) = preSolution
		{F8C633A3-99BA-40DA-B950-78218CCEBFFD} = {827E0CD3-B72D-47B6-A68D-7590B98EB39B}
		{AE28FD14-7985-4707-A963-C94B8597AE50} = {827E0CD3-B72D-47B6-A68D-7590B98EB39B}
	EndGlobalSection
EndGlobal
